// !$*UTF8*$!
{
	archiveVersion = 1;
	classes = {
	};
	objectVersion = 46;
	objects = {

/* Begin PBXBuildFile section */
		EB3E2A251CC2CB85003D9138 /* main.m in Sources */ = {isa = PBXBuildFile; fileRef = EB3E2A241CC2CB85003D9138 /* main.m */; };
		EB3E2A281CC2CB85003D9138 /* AppDelegate.m in Sources */ = {isa = PBXBuildFile; fileRef = EB3E2A271CC2CB85003D9138 /* AppDelegate.m */; };
		EB3E2A2B1CC2CB85003D9138 /* ViewController.m in Sources */ = {isa = PBXBuildFile; fileRef = EB3E2A2A1CC2CB85003D9138 /* ViewController.m */; };
		EB3E2A2E1CC2CB85003D9138 /* Main.storyboard in Resources */ = {isa = PBXBuildFile; fileRef = EB3E2A2C1CC2CB85003D9138 /* Main.storyboard */; };
		EB3E2A311CC2CB85003D9138 /* InstagramKOGI.xcdatamodeld in Sources */ = {isa = PBXBuildFile; fileRef = EB3E2A2F1CC2CB85003D9138 /* InstagramKOGI.xcdatamodeld */; };
		EB3E2A331CC2CB85003D9138 /* Assets.xcassets in Resources */ = {isa = PBXBuildFile; fileRef = EB3E2A321CC2CB85003D9138 /* Assets.xcassets */; };
		EB3E2A361CC2CB85003D9138 /* LaunchScreen.storyboard in Resources */ = {isa = PBXBuildFile; fileRef = EB3E2A341CC2CB85003D9138 /* LaunchScreen.storyboard */; };
		EB3E2A411CC2CB85003D9138 /* InstagramKOGITests.m in Sources */ = {isa = PBXBuildFile; fileRef = EB3E2A401CC2CB85003D9138 /* InstagramKOGITests.m */; };
		EB3E2A4E1CC2D3D2003D9138 /* InstagramObject.m in Sources */ = {isa = PBXBuildFile; fileRef = EB3E2A4D1CC2D3D2003D9138 /* InstagramObject.m */; };
		EB3E2A511CC2D3F3003D9138 /* Instagram.m in Sources */ = {isa = PBXBuildFile; fileRef = EB3E2A501CC2D3F3003D9138 /* Instagram.m */; };
		EB3E2A611CC2D734003D9138 /* AFHTTPSessionManager.m in Sources */ = {isa = PBXBuildFile; fileRef = EB3E2A551CC2D734003D9138 /* AFHTTPSessionManager.m */; };
		EB3E2A621CC2D734003D9138 /* AFNetworkReachabilityManager.m in Sources */ = {isa = PBXBuildFile; fileRef = EB3E2A581CC2D734003D9138 /* AFNetworkReachabilityManager.m */; };
		EB3E2A631CC2D734003D9138 /* AFSecurityPolicy.m in Sources */ = {isa = PBXBuildFile; fileRef = EB3E2A5A1CC2D734003D9138 /* AFSecurityPolicy.m */; };
		EB3E2A641CC2D734003D9138 /* AFURLRequestSerialization.m in Sources */ = {isa = PBXBuildFile; fileRef = EB3E2A5C1CC2D734003D9138 /* AFURLRequestSerialization.m */; };
		EB3E2A651CC2D734003D9138 /* AFURLResponseSerialization.m in Sources */ = {isa = PBXBuildFile; fileRef = EB3E2A5E1CC2D734003D9138 /* AFURLResponseSerialization.m */; };
		EB3E2A661CC2D734003D9138 /* AFURLSessionManager.m in Sources */ = {isa = PBXBuildFile; fileRef = EB3E2A601CC2D734003D9138 /* AFURLSessionManager.m */; };
		EB3E2A7C1CC2D745003D9138 /* AFAutoPurgingImageCache.m in Sources */ = {isa = PBXBuildFile; fileRef = EB3E2A691CC2D745003D9138 /* AFAutoPurgingImageCache.m */; };
		EB3E2A7D1CC2D745003D9138 /* AFImageDownloader.m in Sources */ = {isa = PBXBuildFile; fileRef = EB3E2A6B1CC2D745003D9138 /* AFImageDownloader.m */; };
		EB3E2A7E1CC2D745003D9138 /* AFNetworkActivityIndicatorManager.m in Sources */ = {isa = PBXBuildFile; fileRef = EB3E2A6D1CC2D745003D9138 /* AFNetworkActivityIndicatorManager.m */; };
		EB3E2A7F1CC2D745003D9138 /* UIActivityIndicatorView+AFNetworking.m in Sources */ = {isa = PBXBuildFile; fileRef = EB3E2A6F1CC2D745003D9138 /* UIActivityIndicatorView+AFNetworking.m */; };
		EB3E2A801CC2D745003D9138 /* UIButton+AFNetworking.m in Sources */ = {isa = PBXBuildFile; fileRef = EB3E2A711CC2D745003D9138 /* UIButton+AFNetworking.m */; };
		EB3E2A811CC2D745003D9138 /* UIImageView+AFNetworking.m in Sources */ = {isa = PBXBuildFile; fileRef = EB3E2A741CC2D745003D9138 /* UIImageView+AFNetworking.m */; };
		EB3E2A821CC2D745003D9138 /* UIProgressView+AFNetworking.m in Sources */ = {isa = PBXBuildFile; fileRef = EB3E2A771CC2D745003D9138 /* UIProgressView+AFNetworking.m */; };
		EB3E2A831CC2D745003D9138 /* UIRefreshControl+AFNetworking.m in Sources */ = {isa = PBXBuildFile; fileRef = EB3E2A791CC2D745003D9138 /* UIRefreshControl+AFNetworking.m */; };
		EB3E2A841CC2D745003D9138 /* UIWebView+AFNetworking.m in Sources */ = {isa = PBXBuildFile; fileRef = EB3E2A7B1CC2D745003D9138 /* UIWebView+AFNetworking.m */; };
		EB3E2A871CC2D77F003D9138 /* NetworkManager.m in Sources */ = {isa = PBXBuildFile; fileRef = EB3E2A861CC2D77F003D9138 /* NetworkManager.m */; };
		EB3E2A891CC2E8EB003D9138 /* CollectionViewCell.xib in Resources */ = {isa = PBXBuildFile; fileRef = EB3E2A881CC2E8EB003D9138 /* CollectionViewCell.xib */; };
		EB3E2A8D1CC2E91F003D9138 /* CollectionViewCell.m in Sources */ = {isa = PBXBuildFile; fileRef = EB3E2A8C1CC2E91F003D9138 /* CollectionViewCell.m */; };
		EB3E2A921CC45A34003D9138 /* DetailsViewController.m in Sources */ = {isa = PBXBuildFile; fileRef = EB3E2A911CC45A34003D9138 /* DetailsViewController.m */; };
		EB3E2A941CC4678E003D9138 /* .gitignore in Resources */ = {isa = PBXBuildFile; fileRef = EB3E2A931CC4678E003D9138 /* .gitignore */; };
/* End PBXBuildFile section */

/* Begin PBXContainerItemProxy section */
		EB3E2A3D1CC2CB85003D9138 /* PBXContainerItemProxy */ = {
			isa = PBXContainerItemProxy;
			containerPortal = EB3E2A181CC2CB85003D9138 /* Project object */;
			proxyType = 1;
			remoteGlobalIDString = EB3E2A1F1CC2CB85003D9138;
			remoteInfo = InstagramKOGI;
		};
/* End PBXContainerItemProxy section */

/* Begin PBXFileReference section */
		EB3E2A201CC2CB85003D9138 /* InstagramKOGI.app */ = {isa = PBXFileReference; explicitFileType = wrapper.application; includeInIndex = 0; path = InstagramKOGI.app; sourceTree = BUILT_PRODUCTS_DIR; };
		EB3E2A241CC2CB85003D9138 /* main.m */ = {isa = PBXFileReference; lastKnownFileType = sourcecode.c.objc; path = main.m; sourceTree = "<group>"; };
		EB3E2A261CC2CB85003D9138 /* AppDelegate.h */ = {isa = PBXFileReference; lastKnownFileType = sourcecode.c.h; path = AppDelegate.h; sourceTree = "<group>"; };
		EB3E2A271CC2CB85003D9138 /* AppDelegate.m */ = {isa = PBXFileReference; lastKnownFileType = sourcecode.c.objc; path = AppDelegate.m; sourceTree = "<group>"; };
		EB3E2A291CC2CB85003D9138 /* ViewController.h */ = {isa = PBXFileReference; lastKnownFileType = sourcecode.c.h; path = ViewController.h; sourceTree = "<group>"; };
		EB3E2A2A1CC2CB85003D9138 /* ViewController.m */ = {isa = PBXFileReference; lastKnownFileType = sourcecode.c.objc; path = ViewController.m; sourceTree = "<group>"; };
		EB3E2A2D1CC2CB85003D9138 /* Base */ = {isa = PBXFileReference; lastKnownFileType = file.storyboard; name = Base; path = Base.lproj/Main.storyboard; sourceTree = "<group>"; };
		EB3E2A301CC2CB85003D9138 /* InstagramKOGI.xcdatamodel */ = {isa = PBXFileReference; lastKnownFileType = wrapper.xcdatamodel; path = InstagramKOGI.xcdatamodel; sourceTree = "<group>"; };
		EB3E2A321CC2CB85003D9138 /* Assets.xcassets */ = {isa = PBXFileReference; lastKnownFileType = folder.assetcatalog; path = Assets.xcassets; sourceTree = "<group>"; };
		EB3E2A351CC2CB85003D9138 /* Base */ = {isa = PBXFileReference; lastKnownFileType = file.storyboard; name = Base; path = Base.lproj/LaunchScreen.storyboard; sourceTree = "<group>"; };
		EB3E2A371CC2CB85003D9138 /* Info.plist */ = {isa = PBXFileReference; lastKnownFileType = text.plist.xml; path = Info.plist; sourceTree = "<group>"; };
		EB3E2A3C1CC2CB85003D9138 /* InstagramKOGITests.xctest */ = {isa = PBXFileReference; explicitFileType = wrapper.cfbundle; includeInIndex = 0; path = InstagramKOGITests.xctest; sourceTree = BUILT_PRODUCTS_DIR; };
		EB3E2A401CC2CB85003D9138 /* InstagramKOGITests.m */ = {isa = PBXFileReference; lastKnownFileType = sourcecode.c.objc; path = InstagramKOGITests.m; sourceTree = "<group>"; };
		EB3E2A421CC2CB85003D9138 /* Info.plist */ = {isa = PBXFileReference; lastKnownFileType = text.plist.xml; path = Info.plist; sourceTree = "<group>"; };
		EB3E2A4C1CC2D3D2003D9138 /* InstagramObject.h */ = {isa = PBXFileReference; fileEncoding = 4; lastKnownFileType = sourcecode.c.h; path = InstagramObject.h; sourceTree = "<group>"; };
		EB3E2A4D1CC2D3D2003D9138 /* InstagramObject.m */ = {isa = PBXFileReference; fileEncoding = 4; lastKnownFileType = sourcecode.c.objc; path = InstagramObject.m; sourceTree = "<group>"; };
		EB3E2A4F1CC2D3F3003D9138 /* Instagram.h */ = {isa = PBXFileReference; fileEncoding = 4; lastKnownFileType = sourcecode.c.h; path = Instagram.h; sourceTree = "<group>"; };
		EB3E2A501CC2D3F3003D9138 /* Instagram.m */ = {isa = PBXFileReference; fileEncoding = 4; lastKnownFileType = sourcecode.c.objc; path = Instagram.m; sourceTree = "<group>"; };
		EB3E2A541CC2D734003D9138 /* AFHTTPSessionManager.h */ = {isa = PBXFileReference; fileEncoding = 4; lastKnownFileType = sourcecode.c.h; path = AFHTTPSessionManager.h; sourceTree = "<group>"; };
		EB3E2A551CC2D734003D9138 /* AFHTTPSessionManager.m */ = {isa = PBXFileReference; fileEncoding = 4; lastKnownFileType = sourcecode.c.objc; path = AFHTTPSessionManager.m; sourceTree = "<group>"; };
		EB3E2A561CC2D734003D9138 /* AFNetworking.h */ = {isa = PBXFileReference; fileEncoding = 4; lastKnownFileType = sourcecode.c.h; path = AFNetworking.h; sourceTree = "<group>"; };
		EB3E2A571CC2D734003D9138 /* AFNetworkReachabilityManager.h */ = {isa = PBXFileReference; fileEncoding = 4; lastKnownFileType = sourcecode.c.h; path = AFNetworkReachabilityManager.h; sourceTree = "<group>"; };
		EB3E2A581CC2D734003D9138 /* AFNetworkReachabilityManager.m */ = {isa = PBXFileReference; fileEncoding = 4; lastKnownFileType = sourcecode.c.objc; path = AFNetworkReachabilityManager.m; sourceTree = "<group>"; };
		EB3E2A591CC2D734003D9138 /* AFSecurityPolicy.h */ = {isa = PBXFileReference; fileEncoding = 4; lastKnownFileType = sourcecode.c.h; path = AFSecurityPolicy.h; sourceTree = "<group>"; };
		EB3E2A5A1CC2D734003D9138 /* AFSecurityPolicy.m */ = {isa = PBXFileReference; fileEncoding = 4; lastKnownFileType = sourcecode.c.objc; path = AFSecurityPolicy.m; sourceTree = "<group>"; };
		EB3E2A5B1CC2D734003D9138 /* AFURLRequestSerialization.h */ = {isa = PBXFileReference; fileEncoding = 4; lastKnownFileType = sourcecode.c.h; path = AFURLRequestSerialization.h; sourceTree = "<group>"; };
		EB3E2A5C1CC2D734003D9138 /* AFURLRequestSerialization.m */ = {isa = PBXFileReference; fileEncoding = 4; lastKnownFileType = sourcecode.c.objc; path = AFURLRequestSerialization.m; sourceTree = "<group>"; };
		EB3E2A5D1CC2D734003D9138 /* AFURLResponseSerialization.h */ = {isa = PBXFileReference; fileEncoding = 4; lastKnownFileType = sourcecode.c.h; path = AFURLResponseSerialization.h; sourceTree = "<group>"; };
		EB3E2A5E1CC2D734003D9138 /* AFURLResponseSerialization.m */ = {isa = PBXFileReference; fileEncoding = 4; lastKnownFileType = sourcecode.c.objc; path = AFURLResponseSerialization.m; sourceTree = "<group>"; };
		EB3E2A5F1CC2D734003D9138 /* AFURLSessionManager.h */ = {isa = PBXFileReference; fileEncoding = 4; lastKnownFileType = sourcecode.c.h; path = AFURLSessionManager.h; sourceTree = "<group>"; };
		EB3E2A601CC2D734003D9138 /* AFURLSessionManager.m */ = {isa = PBXFileReference; fileEncoding = 4; lastKnownFileType = sourcecode.c.objc; path = AFURLSessionManager.m; sourceTree = "<group>"; };
		EB3E2A681CC2D745003D9138 /* AFAutoPurgingImageCache.h */ = {isa = PBXFileReference; fileEncoding = 4; lastKnownFileType = sourcecode.c.h; path = AFAutoPurgingImageCache.h; sourceTree = "<group>"; };
		EB3E2A691CC2D745003D9138 /* AFAutoPurgingImageCache.m */ = {isa = PBXFileReference; fileEncoding = 4; lastKnownFileType = sourcecode.c.objc; path = AFAutoPurgingImageCache.m; sourceTree = "<group>"; };
		EB3E2A6A1CC2D745003D9138 /* AFImageDownloader.h */ = {isa = PBXFileReference; fileEncoding = 4; lastKnownFileType = sourcecode.c.h; path = AFImageDownloader.h; sourceTree = "<group>"; };
		EB3E2A6B1CC2D745003D9138 /* AFImageDownloader.m */ = {isa = PBXFileReference; fileEncoding = 4; lastKnownFileType = sourcecode.c.objc; path = AFImageDownloader.m; sourceTree = "<group>"; };
		EB3E2A6C1CC2D745003D9138 /* AFNetworkActivityIndicatorManager.h */ = {isa = PBXFileReference; fileEncoding = 4; lastKnownFileType = sourcecode.c.h; path = AFNetworkActivityIndicatorManager.h; sourceTree = "<group>"; };
		EB3E2A6D1CC2D745003D9138 /* AFNetworkActivityIndicatorManager.m */ = {isa = PBXFileReference; fileEncoding = 4; lastKnownFileType = sourcecode.c.objc; path = AFNetworkActivityIndicatorManager.m; sourceTree = "<group>"; };
		EB3E2A6E1CC2D745003D9138 /* UIActivityIndicatorView+AFNetworking.h */ = {isa = PBXFileReference; fileEncoding = 4; lastKnownFileType = sourcecode.c.h; path = "UIActivityIndicatorView+AFNetworking.h"; sourceTree = "<group>"; };
		EB3E2A6F1CC2D745003D9138 /* UIActivityIndicatorView+AFNetworking.m */ = {isa = PBXFileReference; fileEncoding = 4; lastKnownFileType = sourcecode.c.objc; path = "UIActivityIndicatorView+AFNetworking.m"; sourceTree = "<group>"; };
		EB3E2A701CC2D745003D9138 /* UIButton+AFNetworking.h */ = {isa = PBXFileReference; fileEncoding = 4; lastKnownFileType = sourcecode.c.h; path = "UIButton+AFNetworking.h"; sourceTree = "<group>"; };
		EB3E2A711CC2D745003D9138 /* UIButton+AFNetworking.m */ = {isa = PBXFileReference; fileEncoding = 4; lastKnownFileType = sourcecode.c.objc; path = "UIButton+AFNetworking.m"; sourceTree = "<group>"; };
		EB3E2A721CC2D745003D9138 /* UIImage+AFNetworking.h */ = {isa = PBXFileReference; fileEncoding = 4; lastKnownFileType = sourcecode.c.h; path = "UIImage+AFNetworking.h"; sourceTree = "<group>"; };
		EB3E2A731CC2D745003D9138 /* UIImageView+AFNetworking.h */ = {isa = PBXFileReference; fileEncoding = 4; lastKnownFileType = sourcecode.c.h; path = "UIImageView+AFNetworking.h"; sourceTree = "<group>"; };
		EB3E2A741CC2D745003D9138 /* UIImageView+AFNetworking.m */ = {isa = PBXFileReference; fileEncoding = 4; lastKnownFileType = sourcecode.c.objc; path = "UIImageView+AFNetworking.m"; sourceTree = "<group>"; };
		EB3E2A751CC2D745003D9138 /* UIKit+AFNetworking.h */ = {isa = PBXFileReference; fileEncoding = 4; lastKnownFileType = sourcecode.c.h; path = "UIKit+AFNetworking.h"; sourceTree = "<group>"; };
		EB3E2A761CC2D745003D9138 /* UIProgressView+AFNetworking.h */ = {isa = PBXFileReference; fileEncoding = 4; lastKnownFileType = sourcecode.c.h; path = "UIProgressView+AFNetworking.h"; sourceTree = "<group>"; };
		EB3E2A771CC2D745003D9138 /* UIProgressView+AFNetworking.m */ = {isa = PBXFileReference; fileEncoding = 4; lastKnownFileType = sourcecode.c.objc; path = "UIProgressView+AFNetworking.m"; sourceTree = "<group>"; };
		EB3E2A781CC2D745003D9138 /* UIRefreshControl+AFNetworking.h */ = {isa = PBXFileReference; fileEncoding = 4; lastKnownFileType = sourcecode.c.h; path = "UIRefreshControl+AFNetworking.h"; sourceTree = "<group>"; };
		EB3E2A791CC2D745003D9138 /* UIRefreshControl+AFNetworking.m */ = {isa = PBXFileReference; fileEncoding = 4; lastKnownFileType = sourcecode.c.objc; path = "UIRefreshControl+AFNetworking.m"; sourceTree = "<group>"; };
		EB3E2A7A1CC2D745003D9138 /* UIWebView+AFNetworking.h */ = {isa = PBXFileReference; fileEncoding = 4; lastKnownFileType = sourcecode.c.h; path = "UIWebView+AFNetworking.h"; sourceTree = "<group>"; };
		EB3E2A7B1CC2D745003D9138 /* UIWebView+AFNetworking.m */ = {isa = PBXFileReference; fileEncoding = 4; lastKnownFileType = sourcecode.c.objc; path = "UIWebView+AFNetworking.m"; sourceTree = "<group>"; };
		EB3E2A851CC2D77F003D9138 /* NetworkManager.h */ = {isa = PBXFileReference; fileEncoding = 4; lastKnownFileType = sourcecode.c.h; path = NetworkManager.h; sourceTree = "<group>"; };
		EB3E2A861CC2D77F003D9138 /* NetworkManager.m */ = {isa = PBXFileReference; fileEncoding = 4; lastKnownFileType = sourcecode.c.objc; path = NetworkManager.m; sourceTree = "<group>"; };
		EB3E2A881CC2E8EB003D9138 /* CollectionViewCell.xib */ = {isa = PBXFileReference; fileEncoding = 4; lastKnownFileType = file.xib; path = CollectionViewCell.xib; sourceTree = "<group>"; };
		EB3E2A8B1CC2E91F003D9138 /* CollectionViewCell.h */ = {isa = PBXFileReference; fileEncoding = 4; lastKnownFileType = sourcecode.c.h; path = CollectionViewCell.h; sourceTree = "<group>"; };
		EB3E2A8C1CC2E91F003D9138 /* CollectionViewCell.m */ = {isa = PBXFileReference; fileEncoding = 4; lastKnownFileType = sourcecode.c.objc; path = CollectionViewCell.m; sourceTree = "<group>"; };
		EB3E2A901CC45A34003D9138 /* DetailsViewController.h */ = {isa = PBXFileReference; fileEncoding = 4; lastKnownFileType = sourcecode.c.h; path = DetailsViewController.h; sourceTree = "<group>"; };
		EB3E2A911CC45A34003D9138 /* DetailsViewController.m */ = {isa = PBXFileReference; fileEncoding = 4; lastKnownFileType = sourcecode.c.objc; path = DetailsViewController.m; sourceTree = "<group>"; };
		EB3E2A931CC4678E003D9138 /* .gitignore */ = {isa = PBXFileReference; fileEncoding = 4; lastKnownFileType = text; path = .gitignore; sourceTree = "<group>"; };
/* End PBXFileReference section */

/* Begin PBXFrameworksBuildPhase section */
		EB3E2A1D1CC2CB85003D9138 /* Frameworks */ = {
			isa = PBXFrameworksBuildPhase;
			buildActionMask = 2147483647;
			files = (
			);
			runOnlyForDeploymentPostprocessing = 0;
		};
		EB3E2A391CC2CB85003D9138 /* Frameworks */ = {
			isa = PBXFrameworksBuildPhase;
			buildActionMask = 2147483647;
			files = (
			);
			runOnlyForDeploymentPostprocessing = 0;
		};
/* End PBXFrameworksBuildPhase section */

/* Begin PBXGroup section */
		EB3E2A171CC2CB85003D9138 = {
			isa = PBXGroup;
			children = (
				EB3E2A931CC4678E003D9138 /* .gitignore */,
				EB3E2A221CC2CB85003D9138 /* InstagramKOGI */,
				EB3E2A3F1CC2CB85003D9138 /* InstagramKOGITests */,
				EB3E2A211CC2CB85003D9138 /* Products */,
			);
			sourceTree = "<group>";
		};
		EB3E2A211CC2CB85003D9138 /* Products */ = {
			isa = PBXGroup;
			children = (
				EB3E2A201CC2CB85003D9138 /* InstagramKOGI.app */,
				EB3E2A3C1CC2CB85003D9138 /* InstagramKOGITests.xctest */,
			);
			name = Products;
			sourceTree = "<group>";
		};
		EB3E2A221CC2CB85003D9138 /* InstagramKOGI */ = {
			isa = PBXGroup;
			children = (
				EB3E2A8F1CC459DD003D9138 /* Views */,
				EB3E2A8E1CC459B6003D9138 /* Controllers */,
				EB3E2A521CC2D722003D9138 /* Libs */,
				EB3E2A4B1CC2D3B6003D9138 /* Model */,
				EB3E2A261CC2CB85003D9138 /* AppDelegate.h */,
				EB3E2A271CC2CB85003D9138 /* AppDelegate.m */,
				EB3E2A321CC2CB85003D9138 /* Assets.xcassets */,
				EB3E2A371CC2CB85003D9138 /* Info.plist */,
				EB3E2A2F1CC2CB85003D9138 /* InstagramKOGI.xcdatamodeld */,
				EB3E2A231CC2CB85003D9138 /* Supporting Files */,
			);
			path = InstagramKOGI;
			sourceTree = "<group>";
		};
		EB3E2A231CC2CB85003D9138 /* Supporting Files */ = {
			isa = PBXGroup;
			children = (
				EB3E2A241CC2CB85003D9138 /* main.m */,
			);
			name = "Supporting Files";
			sourceTree = "<group>";
		};
		EB3E2A3F1CC2CB85003D9138 /* InstagramKOGITests */ = {
			isa = PBXGroup;
			children = (
				EB3E2A401CC2CB85003D9138 /* InstagramKOGITests.m */,
				EB3E2A421CC2CB85003D9138 /* Info.plist */,
			);
			path = InstagramKOGITests;
			sourceTree = "<group>";
		};
		EB3E2A4B1CC2D3B6003D9138 /* Model */ = {
			isa = PBXGroup;
			children = (
				EB3E2A4C1CC2D3D2003D9138 /* InstagramObject.h */,
				EB3E2A4D1CC2D3D2003D9138 /* InstagramObject.m */,
				EB3E2A4F1CC2D3F3003D9138 /* Instagram.h */,
				EB3E2A501CC2D3F3003D9138 /* Instagram.m */,
				EB3E2A851CC2D77F003D9138 /* NetworkManager.h */,
				EB3E2A861CC2D77F003D9138 /* NetworkManager.m */,
			);
			name = Model;
			sourceTree = "<group>";
		};
		EB3E2A521CC2D722003D9138 /* Libs */ = {
			isa = PBXGroup;
			children = (
				EB3E2A531CC2D734003D9138 /* AFNetworking */,
			);
			name = Libs;
			sourceTree = "<group>";
		};
		EB3E2A531CC2D734003D9138 /* AFNetworking */ = {
			isa = PBXGroup;
			children = (
				EB3E2A671CC2D745003D9138 /* UIKit+AFNetworking */,
				EB3E2A541CC2D734003D9138 /* AFHTTPSessionManager.h */,
				EB3E2A551CC2D734003D9138 /* AFHTTPSessionManager.m */,
				EB3E2A561CC2D734003D9138 /* AFNetworking.h */,
				EB3E2A571CC2D734003D9138 /* AFNetworkReachabilityManager.h */,
				EB3E2A581CC2D734003D9138 /* AFNetworkReachabilityManager.m */,
				EB3E2A591CC2D734003D9138 /* AFSecurityPolicy.h */,
				EB3E2A5A1CC2D734003D9138 /* AFSecurityPolicy.m */,
				EB3E2A5B1CC2D734003D9138 /* AFURLRequestSerialization.h */,
				EB3E2A5C1CC2D734003D9138 /* AFURLRequestSerialization.m */,
				EB3E2A5D1CC2D734003D9138 /* AFURLResponseSerialization.h */,
				EB3E2A5E1CC2D734003D9138 /* AFURLResponseSerialization.m */,
				EB3E2A5F1CC2D734003D9138 /* AFURLSessionManager.h */,
				EB3E2A601CC2D734003D9138 /* AFURLSessionManager.m */,
			);
			path = AFNetworking;
			sourceTree = "<group>";
		};
		EB3E2A671CC2D745003D9138 /* UIKit+AFNetworking */ = {
			isa = PBXGroup;
			children = (
				EB3E2A681CC2D745003D9138 /* AFAutoPurgingImageCache.h */,
				EB3E2A691CC2D745003D9138 /* AFAutoPurgingImageCache.m */,
				EB3E2A6A1CC2D745003D9138 /* AFImageDownloader.h */,
				EB3E2A6B1CC2D745003D9138 /* AFImageDownloader.m */,
				EB3E2A6C1CC2D745003D9138 /* AFNetworkActivityIndicatorManager.h */,
				EB3E2A6D1CC2D745003D9138 /* AFNetworkActivityIndicatorManager.m */,
				EB3E2A6E1CC2D745003D9138 /* UIActivityIndicatorView+AFNetworking.h */,
				EB3E2A6F1CC2D745003D9138 /* UIActivityIndicatorView+AFNetworking.m */,
				EB3E2A701CC2D745003D9138 /* UIButton+AFNetworking.h */,
				EB3E2A711CC2D745003D9138 /* UIButton+AFNetworking.m */,
				EB3E2A721CC2D745003D9138 /* UIImage+AFNetworking.h */,
				EB3E2A731CC2D745003D9138 /* UIImageView+AFNetworking.h */,
				EB3E2A741CC2D745003D9138 /* UIImageView+AFNetworking.m */,
				EB3E2A751CC2D745003D9138 /* UIKit+AFNetworking.h */,
				EB3E2A761CC2D745003D9138 /* UIProgressView+AFNetworking.h */,
				EB3E2A771CC2D745003D9138 /* UIProgressView+AFNetworking.m */,
				EB3E2A781CC2D745003D9138 /* UIRefreshControl+AFNetworking.h */,
				EB3E2A791CC2D745003D9138 /* UIRefreshControl+AFNetworking.m */,
				EB3E2A7A1CC2D745003D9138 /* UIWebView+AFNetworking.h */,
				EB3E2A7B1CC2D745003D9138 /* UIWebView+AFNetworking.m */,
			);
			path = "UIKit+AFNetworking";
			sourceTree = "<group>";
		};
		EB3E2A8A1CC2E8F6003D9138 /* CollectionViewCell */ = {
			isa = PBXGroup;
			children = (
				EB3E2A881CC2E8EB003D9138 /* CollectionViewCell.xib */,
				EB3E2A8B1CC2E91F003D9138 /* CollectionViewCell.h */,
				EB3E2A8C1CC2E91F003D9138 /* CollectionViewCell.m */,
			);
			name = CollectionViewCell;
			sourceTree = "<group>";
		};
		EB3E2A8E1CC459B6003D9138 /* Controllers */ = {
			isa = PBXGroup;
			children = (
				EB3E2A291CC2CB85003D9138 /* ViewController.h */,
				EB3E2A2A1CC2CB85003D9138 /* ViewController.m */,
				EB3E2A901CC45A34003D9138 /* DetailsViewController.h */,
				EB3E2A911CC45A34003D9138 /* DetailsViewController.m */,
			);
			name = Controllers;
			sourceTree = "<group>";
		};
		EB3E2A8F1CC459DD003D9138 /* Views */ = {
			isa = PBXGroup;
			children = (
				EB3E2A2C1CC2CB85003D9138 /* Main.storyboard */,
				EB3E2A341CC2CB85003D9138 /* LaunchScreen.storyboard */,
				EB3E2A8A1CC2E8F6003D9138 /* CollectionViewCell */,
			);
			name = Views;
			sourceTree = "<group>";
		};
/* End PBXGroup section */

/* Begin PBXNativeTarget section */
		EB3E2A1F1CC2CB85003D9138 /* InstagramKOGI */ = {
			isa = PBXNativeTarget;
			buildConfigurationList = EB3E2A451CC2CB85003D9138 /* Build configuration list for PBXNativeTarget "InstagramKOGI" */;
			buildPhases = (
				EB3E2A1C1CC2CB85003D9138 /* Sources */,
				EB3E2A1D1CC2CB85003D9138 /* Frameworks */,
				EB3E2A1E1CC2CB85003D9138 /* Resources */,
			);
			buildRules = (
			);
			dependencies = (
			);
			name = InstagramKOGI;
			productName = InstagramKOGI;
			productReference = EB3E2A201CC2CB85003D9138 /* InstagramKOGI.app */;
			productType = "com.apple.product-type.application";
		};
		EB3E2A3B1CC2CB85003D9138 /* InstagramKOGITests */ = {
			isa = PBXNativeTarget;
			buildConfigurationList = EB3E2A481CC2CB85003D9138 /* Build configuration list for PBXNativeTarget "InstagramKOGITests" */;
			buildPhases = (
				EB3E2A381CC2CB85003D9138 /* Sources */,
				EB3E2A391CC2CB85003D9138 /* Frameworks */,
				EB3E2A3A1CC2CB85003D9138 /* Resources */,
			);
			buildRules = (
			);
			dependencies = (
				EB3E2A3E1CC2CB85003D9138 /* PBXTargetDependency */,
			);
			name = InstagramKOGITests;
			productName = InstagramKOGITests;
			productReference = EB3E2A3C1CC2CB85003D9138 /* InstagramKOGITests.xctest */;
			productType = "com.apple.product-type.bundle.unit-test";
		};
/* End PBXNativeTarget section */

/* Begin PBXProject section */
		EB3E2A181CC2CB85003D9138 /* Project object */ = {
			isa = PBXProject;
			attributes = {
				LastUpgradeCheck = 0720;
				ORGANIZATIONNAME = "Cesar Vilera";
				TargetAttributes = {
					EB3E2A1F1CC2CB85003D9138 = {
						CreatedOnToolsVersion = 7.2.1;
					};
					EB3E2A3B1CC2CB85003D9138 = {
						CreatedOnToolsVersion = 7.2.1;
						TestTargetID = EB3E2A1F1CC2CB85003D9138;
					};
				};
			};
			buildConfigurationList = EB3E2A1B1CC2CB85003D9138 /* Build configuration list for PBXProject "InstagramKOGI" */;
			compatibilityVersion = "Xcode 3.2";
			developmentRegion = English;
			hasScannedForEncodings = 0;
			knownRegions = (
				en,
				Base,
			);
			mainGroup = EB3E2A171CC2CB85003D9138;
			productRefGroup = EB3E2A211CC2CB85003D9138 /* Products */;
			projectDirPath = "";
			projectRoot = "";
			targets = (
				EB3E2A1F1CC2CB85003D9138 /* InstagramKOGI */,
				EB3E2A3B1CC2CB85003D9138 /* InstagramKOGITests */,
			);
		};
/* End PBXProject section */

/* Begin PBXResourcesBuildPhase section */
		EB3E2A1E1CC2CB85003D9138 /* Resources */ = {
			isa = PBXResourcesBuildPhase;
			buildActionMask = 2147483647;
			files = (
				EB3E2A941CC4678E003D9138 /* .gitignore in Resources */,
				EB3E2A361CC2CB85003D9138 /* LaunchScreen.storyboard in Resources */,
				EB3E2A331CC2CB85003D9138 /* Assets.xcassets in Resources */,
				EB3E2A891CC2E8EB003D9138 /* CollectionViewCell.xib in Resources */,
				EB3E2A2E1CC2CB85003D9138 /* Main.storyboard in Resources */,
			);
			runOnlyForDeploymentPostprocessing = 0;
		};
		EB3E2A3A1CC2CB85003D9138 /* Resources */ = {
			isa = PBXResourcesBuildPhase;
			buildActionMask = 2147483647;
			files = (
			);
			runOnlyForDeploymentPostprocessing = 0;
		};
/* End PBXResourcesBuildPhase section */

/* Begin PBXSourcesBuildPhase section */
		EB3E2A1C1CC2CB85003D9138 /* Sources */ = {
			isa = PBXSourcesBuildPhase;
			buildActionMask = 2147483647;
			files = (
				EB3E2A821CC2D745003D9138 /* UIProgressView+AFNetworking.m in Sources */,
				EB3E2A801CC2D745003D9138 /* UIButton+AFNetworking.m in Sources */,
				EB3E2A831CC2D745003D9138 /* UIRefreshControl+AFNetworking.m in Sources */,
				EB3E2A4E1CC2D3D2003D9138 /* InstagramObject.m in Sources */,
				EB3E2A631CC2D734003D9138 /* AFSecurityPolicy.m in Sources */,
				EB3E2A2B1CC2CB85003D9138 /* ViewController.m in Sources */,
				EB3E2A511CC2D3F3003D9138 /* Instagram.m in Sources */,
				EB3E2A651CC2D734003D9138 /* AFURLResponseSerialization.m in Sources */,
				EB3E2A281CC2CB85003D9138 /* AppDelegate.m in Sources */,
				EB3E2A811CC2D745003D9138 /* UIImageView+AFNetworking.m in Sources */,
				EB3E2A311CC2CB85003D9138 /* InstagramKOGI.xcdatamodeld in Sources */,
				EB3E2A8D1CC2E91F003D9138 /* CollectionViewCell.m in Sources */,
				EB3E2A611CC2D734003D9138 /* AFHTTPSessionManager.m in Sources */,
				EB3E2A7C1CC2D745003D9138 /* AFAutoPurgingImageCache.m in Sources */,
				EB3E2A641CC2D734003D9138 /* AFURLRequestSerialization.m in Sources */,
				EB3E2A921CC45A34003D9138 /* DetailsViewController.m in Sources */,
				EB3E2A871CC2D77F003D9138 /* NetworkManager.m in Sources */,
				EB3E2A661CC2D734003D9138 /* AFURLSessionManager.m in Sources */,
				EB3E2A7D1CC2D745003D9138 /* AFImageDownloader.m in Sources */,
				EB3E2A621CC2D734003D9138 /* AFNetworkReachabilityManager.m in Sources */,
				EB3E2A841CC2D745003D9138 /* UIWebView+AFNetworking.m in Sources */,
				EB3E2A251CC2CB85003D9138 /* main.m in Sources */,
				EB3E2A7F1CC2D745003D9138 /* UIActivityIndicatorView+AFNetworking.m in Sources */,
				EB3E2A7E1CC2D745003D9138 /* AFNetworkActivityIndicatorManager.m in Sources */,
			);
			runOnlyForDeploymentPostprocessing = 0;
		};
		EB3E2A381CC2CB85003D9138 /* Sources */ = {
			isa = PBXSourcesBuildPhase;
			buildActionMask = 2147483647;
			files = (
				EB3E2A411CC2CB85003D9138 /* InstagramKOGITests.m in Sources */,
			);
			runOnlyForDeploymentPostprocessing = 0;
		};
/* End PBXSourcesBuildPhase section */

/* Begin PBXTargetDependency section */
		EB3E2A3E1CC2CB85003D9138 /* PBXTargetDependency */ = {
			isa = PBXTargetDependency;
			target = EB3E2A1F1CC2CB85003D9138 /* InstagramKOGI */;
			targetProxy = EB3E2A3D1CC2CB85003D9138 /* PBXContainerItemProxy */;
		};
/* End PBXTargetDependency section */

/* Begin PBXVariantGroup section */
		EB3E2A2C1CC2CB85003D9138 /* Main.storyboard */ = {
			isa = PBXVariantGroup;
			children = (
				EB3E2A2D1CC2CB85003D9138 /* Base */,
			);
			name = Main.storyboard;
			sourceTree = "<group>";
		};
		EB3E2A341CC2CB85003D9138 /* LaunchScreen.storyboard */ = {
			isa = PBXVariantGroup;
			children = (
				EB3E2A351CC2CB85003D9138 /* Base */,
			);
			name = LaunchScreen.storyboard;
			sourceTree = "<group>";
		};
/* End PBXVariantGroup section */

/* Begin XCBuildConfiguration section */
		EB3E2A431CC2CB85003D9138 /* Debug */ = {
			isa = XCBuildConfiguration;
			buildSettings = {
				ALWAYS_SEARCH_USER_PATHS = NO;
				CLANG_CXX_LANGUAGE_STANDARD = "gnu++0x";
				CLANG_CXX_LIBRARY = "libc++";
				CLANG_ENABLE_MODULES = YES;
				CLANG_ENABLE_OBJC_ARC = YES;
				CLANG_WARN_BOOL_CONVERSION = YES;
				CLANG_WARN_CONSTANT_CONVERSION = YES;
				CLANG_WARN_DIRECT_OBJC_ISA_USAGE = YES_ERROR;
				CLANG_WARN_EMPTY_BODY = YES;
				CLANG_WARN_ENUM_CONVERSION = YES;
				CLANG_WARN_INT_CONVERSION = YES;
				CLANG_WARN_OBJC_ROOT_CLASS = YES_ERROR;
				CLANG_WARN_UNREACHABLE_CODE = YES;
				CLANG_WARN__DUPLICATE_METHOD_MATCH = YES;
				"CODE_SIGN_IDENTITY[sdk=iphoneos*]" = "iPhone Developer";
				COPY_PHASE_STRIP = NO;
				DEBUG_INFORMATION_FORMAT = dwarf;
				ENABLE_STRICT_OBJC_MSGSEND = YES;
				ENABLE_TESTABILITY = YES;
				GCC_C_LANGUAGE_STANDARD = gnu99;
				GCC_DYNAMIC_NO_PIC = NO;
				GCC_NO_COMMON_BLOCKS = YES;
				GCC_OPTIMIZATION_LEVEL = 0;
				GCC_PREPROCESSOR_DEFINITIONS = (
					"DEBUG=1",
					"$(inherited)",
				);
				GCC_WARN_64_TO_32_BIT_CONVERSION = YES;
				GCC_WARN_ABOUT_RETURN_TYPE = YES_ERROR;
				GCC_WARN_UNDECLARED_SELECTOR = YES;
				GCC_WARN_UNINITIALIZED_AUTOS = YES_AGGRESSIVE;
				GCC_WARN_UNUSED_FUNCTION = YES;
				GCC_WARN_UNUSED_VARIABLE = YES;
				IPHONEOS_DEPLOYMENT_TARGET = 9.2;
				MTL_ENABLE_DEBUG_INFO = YES;
				ONLY_ACTIVE_ARCH = YES;
				SDKROOT = iphoneos;
			};
			name = Debug;
		};
		EB3E2A441CC2CB85003D9138 /* Release */ = {
			isa = XCBuildConfiguration;
			buildSettings = {
				ALWAYS_SEARCH_USER_PATHS = NO;
				CLANG_CXX_LANGUAGE_STANDARD = "gnu++0x";
				CLANG_CXX_LIBRARY = "libc++";
				CLANG_ENABLE_MODULES = YES;
				CLANG_ENABLE_OBJC_ARC = YES;
				CLANG_WARN_BOOL_CONVERSION = YES;
				CLANG_WARN_CONSTANT_CONVERSION = YES;
				CLANG_WARN_DIRECT_OBJC_ISA_USAGE = YES_ERROR;
				CLANG_WARN_EMPTY_BODY = YES;
				CLANG_WARN_ENUM_CONVERSION = YES;
				CLANG_WARN_INT_CONVERSION = YES;
				CLANG_WARN_OBJC_ROOT_CLASS = YES_ERROR;
				CLANG_WARN_UNREACHABLE_CODE = YES;
				CLANG_WARN__DUPLICATE_METHOD_MATCH = YES;
				"CODE_SIGN_IDENTITY[sdk=iphoneos*]" = "iPhone Developer";
				COPY_PHASE_STRIP = NO;
				DEBUG_INFORMATION_FORMAT = "dwarf-with-dsym";
				ENABLE_NS_ASSERTIONS = NO;
				ENABLE_STRICT_OBJC_MSGSEND = YES;
				GCC_C_LANGUAGE_STANDARD = gnu99;
				GCC_NO_COMMON_BLOCKS = YES;
				GCC_WARN_64_TO_32_BIT_CONVERSION = YES;
				GCC_WARN_ABOUT_RETURN_TYPE = YES_ERROR;
				GCC_WARN_UNDECLARED_SELECTOR = YES;
				GCC_WARN_UNINITIALIZED_AUTOS = YES_AGGRESSIVE;
				GCC_WARN_UNUSED_FUNCTION = YES;
				GCC_WARN_UNUSED_VARIABLE = YES;
				IPHONEOS_DEPLOYMENT_TARGET = 9.2;
				MTL_ENABLE_DEBUG_INFO = NO;
				SDKROOT = iphoneos;
				VALIDATE_PRODUCT = YES;
			};
			name = Release;
		};
		EB3E2A461CC2CB85003D9138 /* Debug */ = {
			isa = XCBuildConfiguration;
			buildSettings = {
				ASSETCATALOG_COMPILER_APPICON_NAME = AppIcon;
				INFOPLIST_FILE = InstagramKOGI/Info.plist;
				LD_RUNPATH_SEARCH_PATHS = "$(inherited) @executable_path/Frameworks";
				PRODUCT_BUNDLE_IDENTIFIER = cvilera.InstagramKOGI;
				PRODUCT_NAME = "$(TARGET_NAME)";
			};
			name = Debug;
		};
		EB3E2A471CC2CB85003D9138 /* Release */ = {
			isa = XCBuildConfiguration;
			buildSettings = {
				ASSETCATALOG_COMPILER_APPICON_NAME = AppIcon;
				INFOPLIST_FILE = InstagramKOGI/Info.plist;
				LD_RUNPATH_SEARCH_PATHS = "$(inherited) @executable_path/Frameworks";
				PRODUCT_BUNDLE_IDENTIFIER = cvilera.InstagramKOGI;
				PRODUCT_NAME = "$(TARGET_NAME)";
			};
			name = Release;
		};
		EB3E2A491CC2CB85003D9138 /* Debug */ = {
			isa = XCBuildConfiguration;
			buildSettings = {
				BUNDLE_LOADER = "$(TEST_HOST)";
				INFOPLIST_FILE = InstagramKOGITests/Info.plist;
				LD_RUNPATH_SEARCH_PATHS = "$(inherited) @executable_path/Frameworks @loader_path/Frameworks";
				PRODUCT_BUNDLE_IDENTIFIER = cvilera.InstagramKOGITests;
				PRODUCT_NAME = "$(TARGET_NAME)";
				TEST_HOST = "$(BUILT_PRODUCTS_DIR)/InstagramKOGI.app/InstagramKOGI";
			};
			name = Debug;
		};
		EB3E2A4A1CC2CB85003D9138 /* Release */ = {
			isa = XCBuildConfiguration;
			buildSettings = {
				BUNDLE_LOADER = "$(TEST_HOST)";
				INFOPLIST_FILE = InstagramKOGITests/Info.plist;
				LD_RUNPATH_SEARCH_PATHS = "$(inherited) @executable_path/Frameworks @loader_path/Frameworks";
				PRODUCT_BUNDLE_IDENTIFIER = cvilera.InstagramKOGITests;
				PRODUCT_NAME = "$(TARGET_NAME)";
				TEST_HOST = "$(BUILT_PRODUCTS_DIR)/InstagramKOGI.app/InstagramKOGI";
			};
			name = Release;
		};
/* End XCBuildConfiguration section */

/* Begin XCConfigurationList section */
		EB3E2A1B1CC2CB85003D9138 /* Build configuration list for PBXProject "InstagramKOGI" */ = {
			isa = XCConfigurationList;
			buildConfigurations = (
				EB3E2A431CC2CB85003D9138 /* Debug */,
				EB3E2A441CC2CB85003D9138 /* Release */,
			);
			defaultConfigurationIsVisible = 0;
			defaultConfigurationName = Release;
		};
		EB3E2A451CC2CB85003D9138 /* Build configuration list for PBXNativeTarget "InstagramKOGI" */ = {
			isa = XCConfigurationList;
			buildConfigurations = (
				EB3E2A461CC2CB85003D9138 /* Debug */,
				EB3E2A471CC2CB85003D9138 /* Release */,
			);
			defaultConfigurationIsVisible = 0;
		};
		EB3E2A481CC2CB85003D9138 /* Build configuration list for PBXNativeTarget "InstagramKOGITests" */ = {
			isa = XCConfigurationList;
			buildConfigurations = (
				EB3E2A491CC2CB85003D9138 /* Debug */,
				EB3E2A4A1CC2CB85003D9138 /* Release */,
			);
			defaultConfigurationIsVisible = 0;
		};
/* End XCConfigurationList section */

/* Begin XCVersionGroup section */
		EB3E2A2F1CC2CB85003D9138 /* InstagramKOGI.xcdatamodeld */ = {
			isa = XCVersionGroup;
			children = (
				EB3E2A301CC2CB85003D9138 /* InstagramKOGI.xcdatamodel */,
			);
			currentVersion = EB3E2A301CC2CB85003D9138 /* InstagramKOGI.xcdatamodel */;
			path = InstagramKOGI.xcdatamodeld;
			sourceTree = "<group>";
			versionGroupType = wrapper.xcdatamodel;
		};
/* End XCVersionGroup section */
	};
	rootObject = EB3E2A181CC2CB85003D9138 /* Project object */;
}
